# THIS IS AN AUTOGENERATED FILE. DO NOT EDIT THIS FILE DIRECTLY.
# yarn lockfile v1


acorn@^5.1.1:
  version "5.7.3"
  resolved "https://registry.yarnpkg.com/acorn/-/acorn-5.7.3.tgz#67aa231bf8812974b85235a96771eb6bd07ea279"

brain.js@^1.1.2:
  version "1.6.0"
  resolved "https://registry.yarnpkg.com/brain.js/-/brain.js-1.6.0.tgz#a3b40daeb7a76c6c6538d7985ec1773246ebf8d4"
  dependencies:
    gpu.js "^1.10.4"
    thaw.js "^2.0.0"

gpu.js@^1.10.4:
  version "1.10.4"
  resolved "https://registry.yarnpkg.com/gpu.js/-/gpu.js-1.10.4.tgz#f0290dc08d40a9de7329b91f1523703cdd0a64c7"
  dependencies:
    acorn "^5.1.1"

thaw.js@^2.0.0:
  version "2.0.0"
  resolved "https://registry.yarnpkg.com/thaw.js/-/thaw.js-2.0.0.tgz#452bc5d7ee2ce1b6f92037b05b506cbd656291d0"
